{
  "pins" : [
    {
      "identity" : "swift-snapshot-testing",
      "kind" : "remoteSourceControl",
      "location" : "https://github.com/pointfreeco/swift-snapshot-testing",
      "state" : {
        "revision" : "59a99c458de4d2dee580529b61b4f78dca7b7fa6",
        "version" : "1.19.4"
      }
    }
  ],
  "version" : 3
}
